
Microsoft Visual Studio Solution File, Format Version 12.00
# Visual Studio 2013
VisualStudioVersion = 12.0.21005.1
MinimumVisualStudioVersion = 10.0.40219.1
Project("{8BC9CEB8-8B4A-11D0-8D11-00A0C91BC942}") = "echo", "echo\echo.vcxproj", "{BD7BA36B-738C-4407-B992-DB00EA0DC628}"
EndProject
Project("{8BC9CEB8-8B4A-11D0-8D11-00A0C91BC942}") = "echo2", "echo2\echo2.vcxproj", "{A1775894-63F4-49A5-B950-4A26E83BF5A8}"
EndProject
Project("{8BC9CEB8-8B4A-11D0-8D11-00A0C91BC942}") = "ServerCore", "..\build\vc\ServerCore.vcxproj", "{AF24926B-2469-44DF-A01F-4CADC86A1034}"
EndProject
Project("{8BC9CEB8-8B4A-11D0-8D11-00A0C91BC942}") = "timer", "timer\timer.vcxproj", "{9F3B338C-33FA-42D3-93CC-FBB9D58183A1}"
EndProject
Project("{8BC9CEB8-8B4A-11D0-8D11-00A0C91BC942}") = "udpecho", "udpecho\udpecho.vcxproj", "{DE54B38F-33C4-4573-BAE4-5A768C0BB025}"
EndProject
Project("{8BC9CEB8-8B4A-11D0-8D11-00A0C91BC942}") = "connect", "connect\connect.vcxproj", "{CE20946D-AF6A-48C3-A14C-269B8E9691C6}"
EndProject
Project("{8BC9CEB8-8B4A-11D0-8D11-00A0C91BC942}") = "jobthr", "jobthr\jobthr.vcxproj", "{C9FAE377-61FE-4A2B-979E-CF5AA71AA295}"
EndProject
Project("{8BC9CEB8-8B4A-11D0-8D11-00A0C91BC942}") = "multiport", "multiport\multiport.vcxproj", "{C21B1B2B-518C-47BC-9442-793A21E339E3}"
EndProject
Project("{8BC9CEB8-8B4A-11D0-8D11-00A0C91BC942}") = "sqldb", "sqldb\sqldb.vcxproj", "{01D0074F-1E04-4665-BA61-31FFBB0DA972}"
EndProject
Project("{8BC9CEB8-8B4A-11D0-8D11-00A0C91BC942}") = "tunnel", "tunnel\tunnel.vcxproj", "{4A7B6247-20DD-4C9E-A66A-972A8C507470}"
EndProject
Project("{8BC9CEB8-8B4A-11D0-8D11-00A0C91BC942}") = "packet", "packet\packet.vcxproj", "{785D1D80-9326-4822-A3BD-674E4C76FBC3}"
EndProject
Global
	GlobalSection(SolutionConfigurationPlatforms) = preSolution
		Debug|Win32 = Debug|Win32
		Debug|x64 = Debug|x64
		Release|Win32 = Release|Win32
		Release|x64 = Release|x64
	EndGlobalSection
	GlobalSection(ProjectConfigurationPlatforms) = postSolution
		{BD7BA36B-738C-4407-B992-DB00EA0DC628}.Debug|Win32.ActiveCfg = Debug|Win32
		{BD7BA36B-738C-4407-B992-DB00EA0DC628}.Debug|Win32.Build.0 = Debug|Win32
		{BD7BA36B-738C-4407-B992-DB00EA0DC628}.Debug|x64.ActiveCfg = Debug|x64
		{BD7BA36B-738C-4407-B992-DB00EA0DC628}.Debug|x64.Build.0 = Debug|x64
		{BD7BA36B-738C-4407-B992-DB00EA0DC628}.Release|Win32.ActiveCfg = Release|Win32
		{BD7BA36B-738C-4407-B992-DB00EA0DC628}.Release|Win32.Build.0 = Release|Win32
		{BD7BA36B-738C-4407-B992-DB00EA0DC628}.Release|x64.ActiveCfg = Release|x64
		{BD7BA36B-738C-4407-B992-DB00EA0DC628}.Release|x64.Build.0 = Release|x64
		{A1775894-63F4-49A5-B950-4A26E83BF5A8}.Debug|Win32.ActiveCfg = Debug|Win32
		{A1775894-63F4-49A5-B950-4A26E83BF5A8}.Debug|Win32.Build.0 = Debug|Win32
		{A1775894-63F4-49A5-B950-4A26E83BF5A8}.Debug|x64.ActiveCfg = Debug|x64
		{A1775894-63F4-49A5-B950-4A26E83BF5A8}.Debug|x64.Build.0 = Debug|x64
		{A1775894-63F4-49A5-B950-4A26E83BF5A8}.Release|Win32.ActiveCfg = Release|Win32
		{A1775894-63F4-49A5-B950-4A26E83BF5A8}.Release|Win32.Build.0 = Release|Win32
		{A1775894-63F4-49A5-B950-4A26E83BF5A8}.Release|x64.ActiveCfg = Release|x64
		{A1775894-63F4-49A5-B950-4A26E83BF5A8}.Release|x64.Build.0 = Release|x64
		{AF24926B-2469-44DF-A01F-4CADC86A1034}.Debug|Win32.ActiveCfg = Debug|Win32
		{AF24926B-2469-44DF-A01F-4CADC86A1034}.Debug|Win32.Build.0 = Debug|Win32
		{AF24926B-2469-44DF-A01F-4CADC86A1034}.Debug|x64.ActiveCfg = Debug|x64
		{AF24926B-2469-44DF-A01F-4CADC86A1034}.Debug|x64.Build.0 = Debug|x64
		{AF24926B-2469-44DF-A01F-4CADC86A1034}.Release|Win32.ActiveCfg = Release|Win32
		{AF24926B-2469-44DF-A01F-4CADC86A1034}.Release|Win32.Build.0 = Release|Win32
		{AF24926B-2469-44DF-A01F-4CADC86A1034}.Release|x64.ActiveCfg = Release|x64
		{AF24926B-2469-44DF-A01F-4CADC86A1034}.Release|x64.Build.0 = Release|x64
		{9F3B338C-33FA-42D3-93CC-FBB9D58183A1}.Debug|Win32.ActiveCfg = Debug|Win32
		{9F3B338C-33FA-42D3-93CC-FBB9D58183A1}.Debug|Win32.Build.0 = Debug|Win32
		{9F3B338C-33FA-42D3-93CC-FBB9D58183A1}.Debug|x64.ActiveCfg = Debug|x64
		{9F3B338C-33FA-42D3-93CC-FBB9D58183A1}.Debug|x64.Build.0 = Debug|x64
		{9F3B338C-33FA-42D3-93CC-FBB9D58183A1}.Release|Win32.ActiveCfg = Release|Win32
		{9F3B338C-33FA-42D3-93CC-FBB9D58183A1}.Release|Win32.Build.0 = Release|Win32
		{9F3B338C-33FA-42D3-93CC-FBB9D58183A1}.Release|x64.ActiveCfg = Release|x64
		{9F3B338C-33FA-42D3-93CC-FBB9D58183A1}.Release|x64.Build.0 = Release|x64
		{DE54B38F-33C4-4573-BAE4-5A768C0BB025}.Debug|Win32.ActiveCfg = Debug|Win32
		{DE54B38F-33C4-4573-BAE4-5A768C0BB025}.Debug|Win32.Build.0 = Debug|Win32
		{DE54B38F-33C4-4573-BAE4-5A768C0BB025}.Debug|x64.ActiveCfg = Debug|x64
		{DE54B38F-33C4-4573-BAE4-5A768C0BB025}.Debug|x64.Build.0 = Debug|x64
		{DE54B38F-33C4-4573-BAE4-5A768C0BB025}.Release|Win32.ActiveCfg = Release|Win32
		{DE54B38F-33C4-4573-BAE4-5A768C0BB025}.Release|Win32.Build.0 = Release|Win32
		{DE54B38F-33C4-4573-BAE4-5A768C0BB025}.Release|x64.ActiveCfg = Release|x64
		{DE54B38F-33C4-4573-BAE4-5A768C0BB025}.Release|x64.Build.0 = Release|x64
		{CE20946D-AF6A-48C3-A14C-269B8E9691C6}.Debug|Win32.ActiveCfg = Debug|Win32
		{CE20946D-AF6A-48C3-A14C-269B8E9691C6}.Debug|Win32.Build.0 = Debug|Win32
		{CE20946D-AF6A-48C3-A14C-269B8E9691C6}.Debug|x64.ActiveCfg = Debug|x64
		{CE20946D-AF6A-48C3-A14C-269B8E9691C6}.Debug|x64.Build.0 = Debug|x64
		{CE20946D-AF6A-48C3-A14C-269B8E9691C6}.Release|Win32.ActiveCfg = Release|Win32
		{CE20946D-AF6A-48C3-A14C-269B8E9691C6}.Release|Win32.Build.0 = Release|Win32
		{CE20946D-AF6A-48C3-A14C-269B8E9691C6}.Release|x64.ActiveCfg = Release|x64
		{CE20946D-AF6A-48C3-A14C-269B8E9691C6}.Release|x64.Build.0 = Release|x64
		{C9FAE377-61FE-4A2B-979E-CF5AA71AA295}.Debug|Win32.ActiveCfg = Debug|Win32
		{C9FAE377-61FE-4A2B-979E-CF5AA71AA295}.Debug|Win32.Build.0 = Debug|Win32
		{C9FAE377-61FE-4A2B-979E-CF5AA71AA295}.Debug|x64.ActiveCfg = Debug|x64
		{C9FAE377-61FE-4A2B-979E-CF5AA71AA295}.Debug|x64.Build.0 = Debug|x64
		{C9FAE377-61FE-4A2B-979E-CF5AA71AA295}.Release|Win32.ActiveCfg = Release|Win32
		{C9FAE377-61FE-4A2B-979E-CF5AA71AA295}.Release|Win32.Build.0 = Release|Win32
		{C9FAE377-61FE-4A2B-979E-CF5AA71AA295}.Release|x64.ActiveCfg = Release|x64
		{C9FAE377-61FE-4A2B-979E-CF5AA71AA295}.Release|x64.Build.0 = Release|x64
		{C21B1B2B-518C-47BC-9442-793A21E339E3}.Debug|Win32.ActiveCfg = Debug|Win32
		{C21B1B2B-518C-47BC-9442-793A21E339E3}.Debug|Win32.Build.0 = Debug|Win32
		{C21B1B2B-518C-47BC-9442-793A21E339E3}.Debug|x64.ActiveCfg = Debug|x64
		{C21B1B2B-518C-47BC-9442-793A21E339E3}.Debug|x64.Build.0 = Debug|x64
		{C21B1B2B-518C-47BC-9442-793A21E339E3}.Release|Win32.ActiveCfg = Release|Win32
		{C21B1B2B-518C-47BC-9442-793A21E339E3}.Release|Win32.Build.0 = Release|Win32
		{C21B1B2B-518C-47BC-9442-793A21E339E3}.Release|x64.ActiveCfg = Release|x64
		{C21B1B2B-518C-47BC-9442-793A21E339E3}.Release|x64.Build.0 = Release|x64
		{01D0074F-1E04-4665-BA61-31FFBB0DA972}.Debug|Win32.ActiveCfg = Debug|Win32
		{01D0074F-1E04-4665-BA61-31FFBB0DA972}.Debug|Win32.Build.0 = Debug|Win32
		{01D0074F-1E04-4665-BA61-31FFBB0DA972}.Debug|x64.ActiveCfg = Debug|x64
		{01D0074F-1E04-4665-BA61-31FFBB0DA972}.Debug|x64.Build.0 = Debug|x64
		{01D0074F-1E04-4665-BA61-31FFBB0DA972}.Release|Win32.ActiveCfg = Release|Win32
		{01D0074F-1E04-4665-BA61-31FFBB0DA972}.Release|Win32.Build.0 = Release|Win32
		{01D0074F-1E04-4665-BA61-31FFBB0DA972}.Release|x64.ActiveCfg = Release|x64
		{01D0074F-1E04-4665-BA61-31FFBB0DA972}.Release|x64.Build.0 = Release|x64
		{4A7B6247-20DD-4C9E-A66A-972A8C507470}.Debug|Win32.ActiveCfg = Debug|Win32
		{4A7B6247-20DD-4C9E-A66A-972A8C507470}.Debug|Win32.Build.0 = Debug|Win32
		{4A7B6247-20DD-4C9E-A66A-972A8C507470}.Debug|x64.ActiveCfg = Debug|x64
		{4A7B6247-20DD-4C9E-A66A-972A8C507470}.Debug|x64.Build.0 = Debug|x64
		{4A7B6247-20DD-4C9E-A66A-972A8C507470}.Release|Win32.ActiveCfg = Release|Win32
		{4A7B6247-20DD-4C9E-A66A-972A8C507470}.Release|Win32.Build.0 = Release|Win32
		{4A7B6247-20DD-4C9E-A66A-972A8C507470}.Release|x64.ActiveCfg = Release|x64
		{4A7B6247-20DD-4C9E-A66A-972A8C507470}.Release|x64.Build.0 = Release|x64
		{785D1D80-9326-4822-A3BD-674E4C76FBC3}.Debug|Win32.ActiveCfg = Debug|Win32
		{785D1D80-9326-4822-A3BD-674E4C76FBC3}.Debug|Win32.Build.0 = Debug|Win32
		{785D1D80-9326-4822-A3BD-674E4C76FBC3}.Debug|x64.ActiveCfg = Debug|x64
		{785D1D80-9326-4822-A3BD-674E4C76FBC3}.Debug|x64.Build.0 = Debug|x64
		{785D1D80-9326-4822-A3BD-674E4C76FBC3}.Release|Win32.ActiveCfg = Release|Win32
		{785D1D80-9326-4822-A3BD-674E4C76FBC3}.Release|Win32.Build.0 = Release|Win32
		{785D1D80-9326-4822-A3BD-674E4C76FBC3}.Release|x64.ActiveCfg = Release|x64
		{785D1D80-9326-4822-A3BD-674E4C76FBC3}.Release|x64.Build.0 = Release|x64
	EndGlobalSection
	GlobalSection(SolutionProperties) = preSolution
		HideSolutionNode = FALSE
	EndGlobalSection
EndGlobal
